
Microsoft Visual Studio Solution File, Format Version 12.00
# Visual Studio Version 17
VisualStudioVersion = 17.4.33213.308
MinimumVisualStudioVersion = 10.0.40219.1
Project("{FAE04EC0-301F-11D3-BF4B-00C04F79EFBC}") = "Executor", "Executor.csproj", "{90D8581F-2136-476C-870D-78C54D888699}"
EndProject
Global
	GlobalSection(SolutionConfigurationPlatforms) = preSolution
		Debug|Any CPU = Debug|Any CPU
		Release|Any CPU = Release|Any CPU
	EndGlobalSection
	GlobalSection(ProjectConfigurationPlatforms) = postSolution
		{90D8581F-2136-476C-870D-78C54D888699}.Debug|Any CPU.ActiveCfg = Debug|Any CPU
		{90D8581F-2136-476C-870D-78C54D888699}.Debug|Any CPU.Build.0 = Debug|Any CPU
		{90D8581F-2136-476C-870D-78C54D888699}.Release|Any CPU.ActiveCfg = Release|Any CPU
		{90D8581F-2136-476C-870D-78C54D888699}.Release|Any CPU.Build.0 = Release|Any CPU
	EndGlobalSection
	GlobalSection(SolutionProperties) = preSolution
		HideSolutionNode = FALSE
	EndGlobalSection
	GlobalSection(ExtensibilityGlobals) = postSolution
		SolutionGuid = {CBB5C1D4-2382-4277-B34E-50BF4BB1EA8B}
	EndGlobalSection
EndGlobal
